
Microsoft Visual Studio Solution File, Format Version 12.00
# Visual Studio 14
VisualStudioVersion = 14.0.24720.0
MinimumVisualStudioVersion = 10.0.40219.1
Project("{FAE04EC0-301F-11D3-BF4B-00C04F79EFBC}") = "MPDW", "MPDW\MPDW.csproj", "{2B039A51-1708-47BA-BC62-4C3D46CE84B8}"
EndProject
Project("{2150E333-8FDC-42A3-9474-1A3956D46DE8}") = "Functional", "Functional", "{756FC607-B553-40F8-8ECD-5E3C3AF95AA2}"
EndProject
Project("{2150E333-8FDC-42A3-9474-1A3956D46DE8}") = "Services", "Services", "{01F86E27-FD8F-461B-8911-BF4E42035230}"
EndProject
Project("{2150E333-8FDC-42A3-9474-1A3956D46DE8}") = "Business", "Business", "{736E8134-6DD4-4023-879C-9E73BF656BB0}"
EndProject
Project("{2150E333-8FDC-42A3-9474-1A3956D46DE8}") = "Data", "Data", "{00F675D6-DEE9-4376-A468-13D1F4E50A1F}"
EndProject
Project("{2150E333-8FDC-42A3-9474-1A3956D46DE8}") = "Dbio", "Dbio", "{E365711A-C2E1-4666-B2DD-4E7453336AF7}"
EndProject
Project("{2150E333-8FDC-42A3-9474-1A3956D46DE8}") = "Utilities", "Utilities", "{2AD77ECB-609A-4FA7-A392-E13C363C5416}"
EndProject
Project("{2150E333-8FDC-42A3-9474-1A3956D46DE8}") = "Quest.Util.Buffer", "Quest.Util.Buffer", "{7957A6EB-AD23-4F25-901A-3E2A9B884249}"
EndProject
Project("{2150E333-8FDC-42A3-9474-1A3956D46DE8}") = "Quest.Util.Data", "Quest.Util.Data", "{CF0390C7-BB88-4D99-A662-0B297AA91943}"
EndProject
Project("{2150E333-8FDC-42A3-9474-1A3956D46DE8}") = "Quest.Util.Status", "Quest.Util.Status", "{44B0D0D8-A88C-48CA-8FE9-6559985C119A}"
EndProject
Project("{FAE04EC0-301F-11D3-BF4B-00C04F79EFBC}") = "Quest.Util.Buffer", "Utilities\Quest.Util.Buffer\Quest.Util.Buffer.csproj", "{3F8277CC-A9DA-493E-B824-9D525E837FD2}"
EndProject
Project("{FAE04EC0-301F-11D3-BF4B-00C04F79EFBC}") = "Quest.Util.Data", "Utilities\Quest.Util.Data\Quest.Util.Data.csproj", "{DD1DE1C3-C7FC-4F67-AEF0-A443BA63D8C0}"
EndProject
Project("{FAE04EC0-301F-11D3-BF4B-00C04F79EFBC}") = "Quest.Util.Status", "Utilities\Quest.Util.Status\Quest.Util.Status.csproj", "{EB3BC5D2-EB3D-4F28-8184-6E1DCADA534B}"
EndProject
Project("{FAE04EC0-301F-11D3-BF4B-00C04F79EFBC}") = "Avid.Functional.FMS", "Functional\Avid.Functional.FMS\Avid.Functional.FMS.csproj", "{47CE02F3-5475-40D9-A83D-ED0B584BE22A}"
EndProject
Project("{FAE04EC0-301F-11D3-BF4B-00C04F79EFBC}") = "Quest.Functional.ASM", "Functional\Quest.Functional.ASM\Quest.Functional.ASM.csproj", "{2FABE5D5-3871-405C-A9C5-3E95E1F68BB1}"
EndProject
Project("{FAE04EC0-301F-11D3-BF4B-00C04F79EFBC}") = "Quest.Functional.Logging", "Functional\Quest.Functional.Logging\Quest.Functional.Logging.csproj", "{83358B20-3C00-4D74-AC4B-BDE8549418CD}"
EndProject
Project("{FAE04EC0-301F-11D3-BF4B-00C04F79EFBC}") = "Quest.Services.Dbio.FMS", "Services\Dbio\Quest.Services.Dbio.FMS\Quest.Services.Dbio.FMS.csproj", "{F6FDF645-EFE6-40C4-B94C-0CB60B3B4192}"
EndProject
Project("{FAE04EC0-301F-11D3-BF4B-00C04F79EFBC}") = "Quest.Services.Dbio.MasterPricing", "Services\Dbio\Quest.Services.Dbio.MasterPricing\Quest.Services.Dbio.MasterPricing.csproj", "{397C929D-8F62-4317-A9CF-0B3BE1305EE8}"
EndProject
Project("{FAE04EC0-301F-11D3-BF4B-00C04F79EFBC}") = "Quest.Services.Dbio.PWTrackerLogging", "Services\Dbio\Quest.Services.Dbio.PWTrackerLogging\Quest.Services.Dbio.PWTrackerLogging.csproj", "{5168002B-4C7C-4145-BD35-8D10A74C445B}"
EndProject
Project("{FAE04EC0-301F-11D3-BF4B-00C04F79EFBC}") = "Quest.Services.Data.ASM", "Services\Data\Quest.Services.Data.ASM\Quest.Services.Data.ASM.csproj", "{319B63E1-3524-4C85-83AC-6A002EFCFEF1}"
EndProject
Project("{FAE04EC0-301F-11D3-BF4B-00C04F79EFBC}") = "Quest.Services.Data.Logging", "Services\Data\Quest.Services.Data.Logging\Quest.Services.Data.Logging.csproj", "{EEF58EE7-D4AE-4F42-B2DB-33484A984B6F}"
EndProject
Project("{FAE04EC0-301F-11D3-BF4B-00C04F79EFBC}") = "Quest.Services.Business.ASM", "Services\Business\Quest.Services.Business.ASM\Quest.Services.Business.ASM.csproj", "{9C2317D7-F907-4C14-B060-D88E1EB6753C}"
EndProject
Project("{FAE04EC0-301F-11D3-BF4B-00C04F79EFBC}") = "Quest.Services.Business.Logging", "Services\Business\Quest.Services.Business.Logging\Quest.Services.Business.Logging.csproj", "{50DC188E-95AF-42AF-824E-48DDC672DB12}"
EndProject
Project("{FAE04EC0-301F-11D3-BF4B-00C04F79EFBC}") = "Quest.Functional.MasterPricing", "Functional\Quest.Functional.MasterPricing\Quest.Functional.MasterPricing.csproj", "{81321B6D-3B5A-41B7-B587-B9B844DA0678}"
EndProject
Project("{FAE04EC0-301F-11D3-BF4B-00C04F79EFBC}") = "Quest.MasterPricing.Services.Data", "Services\Data\Quest.MasterPricing.Services.Data\Quest.MasterPricing.Services.Data.csproj", "{F6725741-207F-4195-8D1A-9E2DBD27B2B4}"
EndProject
Project("{FAE04EC0-301F-11D3-BF4B-00C04F79EFBC}") = "Quest.Services.Data", "Services\Data\Quest.Services.Data\Quest.Services.Data.csproj", "{483B1CD9-22B5-4361-89E5-5A0492ACAD43}"
EndProject
Project("{FAE04EC0-301F-11D3-BF4B-00C04F79EFBC}") = "Quest.Services.Business", "Services\Business\Quest.Services.Business\Quest.Services.Business.csproj", "{47336C82-DDCD-4565-A9DF-9E2EFF6A4336}"
EndProject
Project("{FAE04EC0-301F-11D3-BF4B-00C04F79EFBC}") = "Quest.MasterPricing.Services.Business", "Services\Business\Quest.MasterPricing.Services.Business\Quest.MasterPricing.Services.Business.csproj", "{E91F43E8-159B-428C-8C60-36440DC6EA29}"
EndProject
Global
	GlobalSection(SolutionConfigurationPlatforms) = preSolution
		Debug|Any CPU = Debug|Any CPU
		Release|Any CPU = Release|Any CPU
	EndGlobalSection
	GlobalSection(ProjectConfigurationPlatforms) = postSolution
		{2B039A51-1708-47BA-BC62-4C3D46CE84B8}.Debug|Any CPU.ActiveCfg = Debug|Any CPU
		{2B039A51-1708-47BA-BC62-4C3D46CE84B8}.Debug|Any CPU.Build.0 = Debug|Any CPU
		{2B039A51-1708-47BA-BC62-4C3D46CE84B8}.Release|Any CPU.ActiveCfg = Release|Any CPU
		{2B039A51-1708-47BA-BC62-4C3D46CE84B8}.Release|Any CPU.Build.0 = Release|Any CPU
		{3F8277CC-A9DA-493E-B824-9D525E837FD2}.Debug|Any CPU.ActiveCfg = Debug|Any CPU
		{3F8277CC-A9DA-493E-B824-9D525E837FD2}.Debug|Any CPU.Build.0 = Debug|Any CPU
		{3F8277CC-A9DA-493E-B824-9D525E837FD2}.Release|Any CPU.ActiveCfg = Release|Any CPU
		{3F8277CC-A9DA-493E-B824-9D525E837FD2}.Release|Any CPU.Build.0 = Release|Any CPU
		{DD1DE1C3-C7FC-4F67-AEF0-A443BA63D8C0}.Debug|Any CPU.ActiveCfg = Debug|Any CPU
		{DD1DE1C3-C7FC-4F67-AEF0-A443BA63D8C0}.Debug|Any CPU.Build.0 = Debug|Any CPU
		{DD1DE1C3-C7FC-4F67-AEF0-A443BA63D8C0}.Release|Any CPU.ActiveCfg = Release|Any CPU
		{DD1DE1C3-C7FC-4F67-AEF0-A443BA63D8C0}.Release|Any CPU.Build.0 = Release|Any CPU
		{EB3BC5D2-EB3D-4F28-8184-6E1DCADA534B}.Debug|Any CPU.ActiveCfg = Debug|Any CPU
		{EB3BC5D2-EB3D-4F28-8184-6E1DCADA534B}.Debug|Any CPU.Build.0 = Debug|Any CPU
		{EB3BC5D2-EB3D-4F28-8184-6E1DCADA534B}.Release|Any CPU.ActiveCfg = Release|Any CPU
		{EB3BC5D2-EB3D-4F28-8184-6E1DCADA534B}.Release|Any CPU.Build.0 = Release|Any CPU
		{47CE02F3-5475-40D9-A83D-ED0B584BE22A}.Debug|Any CPU.ActiveCfg = Debug|Any CPU
		{47CE02F3-5475-40D9-A83D-ED0B584BE22A}.Debug|Any CPU.Build.0 = Debug|Any CPU
		{47CE02F3-5475-40D9-A83D-ED0B584BE22A}.Release|Any CPU.ActiveCfg = Release|Any CPU
		{47CE02F3-5475-40D9-A83D-ED0B584BE22A}.Release|Any CPU.Build.0 = Release|Any CPU
		{2FABE5D5-3871-405C-A9C5-3E95E1F68BB1}.Debug|Any CPU.ActiveCfg = Debug|Any CPU
		{2FABE5D5-3871-405C-A9C5-3E95E1F68BB1}.Debug|Any CPU.Build.0 = Debug|Any CPU
		{2FABE5D5-3871-405C-A9C5-3E95E1F68BB1}.Release|Any CPU.ActiveCfg = Release|Any CPU
		{2FABE5D5-3871-405C-A9C5-3E95E1F68BB1}.Release|Any CPU.Build.0 = Release|Any CPU
		{83358B20-3C00-4D74-AC4B-BDE8549418CD}.Debug|Any CPU.ActiveCfg = Debug|Any CPU
		{83358B20-3C00-4D74-AC4B-BDE8549418CD}.Debug|Any CPU.Build.0 = Debug|Any CPU
		{83358B20-3C00-4D74-AC4B-BDE8549418CD}.Release|Any CPU.ActiveCfg = Release|Any CPU
		{83358B20-3C00-4D74-AC4B-BDE8549418CD}.Release|Any CPU.Build.0 = Release|Any CPU
		{F6FDF645-EFE6-40C4-B94C-0CB60B3B4192}.Debug|Any CPU.ActiveCfg = Debug|Any CPU
		{F6FDF645-EFE6-40C4-B94C-0CB60B3B4192}.Debug|Any CPU.Build.0 = Debug|Any CPU
		{F6FDF645-EFE6-40C4-B94C-0CB60B3B4192}.Release|Any CPU.ActiveCfg = Release|Any CPU
		{F6FDF645-EFE6-40C4-B94C-0CB60B3B4192}.Release|Any CPU.Build.0 = Release|Any CPU
		{397C929D-8F62-4317-A9CF-0B3BE1305EE8}.Debug|Any CPU.ActiveCfg = Debug|Any CPU
		{397C929D-8F62-4317-A9CF-0B3BE1305EE8}.Debug|Any CPU.Build.0 = Debug|Any CPU
		{397C929D-8F62-4317-A9CF-0B3BE1305EE8}.Release|Any CPU.ActiveCfg = Release|Any CPU
		{397C929D-8F62-4317-A9CF-0B3BE1305EE8}.Release|Any CPU.Build.0 = Release|Any CPU
		{5168002B-4C7C-4145-BD35-8D10A74C445B}.Debug|Any CPU.ActiveCfg = Debug|Any CPU
		{5168002B-4C7C-4145-BD35-8D10A74C445B}.Debug|Any CPU.Build.0 = Debug|Any CPU
		{5168002B-4C7C-4145-BD35-8D10A74C445B}.Release|Any CPU.ActiveCfg = Release|Any CPU
		{5168002B-4C7C-4145-BD35-8D10A74C445B}.Release|Any CPU.Build.0 = Release|Any CPU
		{319B63E1-3524-4C85-83AC-6A002EFCFEF1}.Debug|Any CPU.ActiveCfg = Debug|Any CPU
		{319B63E1-3524-4C85-83AC-6A002EFCFEF1}.Debug|Any CPU.Build.0 = Debug|Any CPU
		{319B63E1-3524-4C85-83AC-6A002EFCFEF1}.Release|Any CPU.ActiveCfg = Release|Any CPU
		{319B63E1-3524-4C85-83AC-6A002EFCFEF1}.Release|Any CPU.Build.0 = Release|Any CPU
		{EEF58EE7-D4AE-4F42-B2DB-33484A984B6F}.Debug|Any CPU.ActiveCfg = Debug|Any CPU
		{EEF58EE7-D4AE-4F42-B2DB-33484A984B6F}.Debug|Any CPU.Build.0 = Debug|Any CPU
		{EEF58EE7-D4AE-4F42-B2DB-33484A984B6F}.Release|Any CPU.ActiveCfg = Release|Any CPU
		{EEF58EE7-D4AE-4F42-B2DB-33484A984B6F}.Release|Any CPU.Build.0 = Release|Any CPU
		{9C2317D7-F907-4C14-B060-D88E1EB6753C}.Debug|Any CPU.ActiveCfg = Debug|Any CPU
		{9C2317D7-F907-4C14-B060-D88E1EB6753C}.Debug|Any CPU.Build.0 = Debug|Any CPU
		{9C2317D7-F907-4C14-B060-D88E1EB6753C}.Release|Any CPU.ActiveCfg = Release|Any CPU
		{9C2317D7-F907-4C14-B060-D88E1EB6753C}.Release|Any CPU.Build.0 = Release|Any CPU
		{50DC188E-95AF-42AF-824E-48DDC672DB12}.Debug|Any CPU.ActiveCfg = Debug|Any CPU
		{50DC188E-95AF-42AF-824E-48DDC672DB12}.Debug|Any CPU.Build.0 = Debug|Any CPU
		{50DC188E-95AF-42AF-824E-48DDC672DB12}.Release|Any CPU.ActiveCfg = Release|Any CPU
		{50DC188E-95AF-42AF-824E-48DDC672DB12}.Release|Any CPU.Build.0 = Release|Any CPU
		{81321B6D-3B5A-41B7-B587-B9B844DA0678}.Debug|Any CPU.ActiveCfg = Debug|Any CPU
		{81321B6D-3B5A-41B7-B587-B9B844DA0678}.Debug|Any CPU.Build.0 = Debug|Any CPU
		{81321B6D-3B5A-41B7-B587-B9B844DA0678}.Release|Any CPU.ActiveCfg = Release|Any CPU
		{81321B6D-3B5A-41B7-B587-B9B844DA0678}.Release|Any CPU.Build.0 = Release|Any CPU
		{F6725741-207F-4195-8D1A-9E2DBD27B2B4}.Debug|Any CPU.ActiveCfg = Debug|Any CPU
		{F6725741-207F-4195-8D1A-9E2DBD27B2B4}.Debug|Any CPU.Build.0 = Debug|Any CPU
		{F6725741-207F-4195-8D1A-9E2DBD27B2B4}.Release|Any CPU.ActiveCfg = Release|Any CPU
		{F6725741-207F-4195-8D1A-9E2DBD27B2B4}.Release|Any CPU.Build.0 = Release|Any CPU
		{483B1CD9-22B5-4361-89E5-5A0492ACAD43}.Debug|Any CPU.ActiveCfg = Debug|Any CPU
		{483B1CD9-22B5-4361-89E5-5A0492ACAD43}.Debug|Any CPU.Build.0 = Debug|Any CPU
		{483B1CD9-22B5-4361-89E5-5A0492ACAD43}.Release|Any CPU.ActiveCfg = Release|Any CPU
		{483B1CD9-22B5-4361-89E5-5A0492ACAD43}.Release|Any CPU.Build.0 = Release|Any CPU
		{47336C82-DDCD-4565-A9DF-9E2EFF6A4336}.Debug|Any CPU.ActiveCfg = Debug|Any CPU
		{47336C82-DDCD-4565-A9DF-9E2EFF6A4336}.Debug|Any CPU.Build.0 = Debug|Any CPU
		{47336C82-DDCD-4565-A9DF-9E2EFF6A4336}.Release|Any CPU.ActiveCfg = Release|Any CPU
		{47336C82-DDCD-4565-A9DF-9E2EFF6A4336}.Release|Any CPU.Build.0 = Release|Any CPU
		{E91F43E8-159B-428C-8C60-36440DC6EA29}.Debug|Any CPU.ActiveCfg = Debug|Any CPU
		{E91F43E8-159B-428C-8C60-36440DC6EA29}.Debug|Any CPU.Build.0 = Debug|Any CPU
		{E91F43E8-159B-428C-8C60-36440DC6EA29}.Release|Any CPU.ActiveCfg = Release|Any CPU
		{E91F43E8-159B-428C-8C60-36440DC6EA29}.Release|Any CPU.Build.0 = Release|Any CPU
	EndGlobalSection
	GlobalSection(SolutionProperties) = preSolution
		HideSolutionNode = FALSE
	EndGlobalSection
	GlobalSection(NestedProjects) = preSolution
		{736E8134-6DD4-4023-879C-9E73BF656BB0} = {01F86E27-FD8F-461B-8911-BF4E42035230}
		{00F675D6-DEE9-4376-A468-13D1F4E50A1F} = {01F86E27-FD8F-461B-8911-BF4E42035230}
		{E365711A-C2E1-4666-B2DD-4E7453336AF7} = {01F86E27-FD8F-461B-8911-BF4E42035230}
		{7957A6EB-AD23-4F25-901A-3E2A9B884249} = {2AD77ECB-609A-4FA7-A392-E13C363C5416}
		{CF0390C7-BB88-4D99-A662-0B297AA91943} = {2AD77ECB-609A-4FA7-A392-E13C363C5416}
		{44B0D0D8-A88C-48CA-8FE9-6559985C119A} = {2AD77ECB-609A-4FA7-A392-E13C363C5416}
		{3F8277CC-A9DA-493E-B824-9D525E837FD2} = {7957A6EB-AD23-4F25-901A-3E2A9B884249}
		{DD1DE1C3-C7FC-4F67-AEF0-A443BA63D8C0} = {CF0390C7-BB88-4D99-A662-0B297AA91943}
		{EB3BC5D2-EB3D-4F28-8184-6E1DCADA534B} = {44B0D0D8-A88C-48CA-8FE9-6559985C119A}
		{47CE02F3-5475-40D9-A83D-ED0B584BE22A} = {756FC607-B553-40F8-8ECD-5E3C3AF95AA2}
		{2FABE5D5-3871-405C-A9C5-3E95E1F68BB1} = {756FC607-B553-40F8-8ECD-5E3C3AF95AA2}
		{83358B20-3C00-4D74-AC4B-BDE8549418CD} = {756FC607-B553-40F8-8ECD-5E3C3AF95AA2}
		{F6FDF645-EFE6-40C4-B94C-0CB60B3B4192} = {E365711A-C2E1-4666-B2DD-4E7453336AF7}
		{397C929D-8F62-4317-A9CF-0B3BE1305EE8} = {E365711A-C2E1-4666-B2DD-4E7453336AF7}
		{5168002B-4C7C-4145-BD35-8D10A74C445B} = {E365711A-C2E1-4666-B2DD-4E7453336AF7}
		{319B63E1-3524-4C85-83AC-6A002EFCFEF1} = {00F675D6-DEE9-4376-A468-13D1F4E50A1F}
		{EEF58EE7-D4AE-4F42-B2DB-33484A984B6F} = {00F675D6-DEE9-4376-A468-13D1F4E50A1F}
		{9C2317D7-F907-4C14-B060-D88E1EB6753C} = {736E8134-6DD4-4023-879C-9E73BF656BB0}
		{50DC188E-95AF-42AF-824E-48DDC672DB12} = {736E8134-6DD4-4023-879C-9E73BF656BB0}
		{81321B6D-3B5A-41B7-B587-B9B844DA0678} = {756FC607-B553-40F8-8ECD-5E3C3AF95AA2}
		{F6725741-207F-4195-8D1A-9E2DBD27B2B4} = {00F675D6-DEE9-4376-A468-13D1F4E50A1F}
		{483B1CD9-22B5-4361-89E5-5A0492ACAD43} = {00F675D6-DEE9-4376-A468-13D1F4E50A1F}
		{47336C82-DDCD-4565-A9DF-9E2EFF6A4336} = {736E8134-6DD4-4023-879C-9E73BF656BB0}
		{E91F43E8-159B-428C-8C60-36440DC6EA29} = {736E8134-6DD4-4023-879C-9E73BF656BB0}
	EndGlobalSection
EndGlobal
